
Microsoft Visual Studio Solution File, Format Version 12.00
# Visual Studio Version 16
VisualStudioVersion = 16.0.31205.134
MinimumVisualStudioVersion = 10.0.40219.1
Project("{FAE04EC0-301F-11D3-BF4B-00C04F79EFBC}") = "ClientSOAP0", "ClientSOAP0\ClientSOAP0.csproj", "{498574B9-30D6-4DC6-8DB6-4E67F631D8A8}"
EndProject
Global
	GlobalSection(SolutionConfigurationPlatforms) = preSolution
		Debug|Any CPU = Debug|Any CPU
		Release|Any CPU = Release|Any CPU
	EndGlobalSection
	GlobalSection(ProjectConfigurationPlatforms) = postSolution
		{498574B9-30D6-4DC6-8DB6-4E67F631D8A8}.Debug|Any CPU.ActiveCfg = Debug|Any CPU
		{498574B9-30D6-4DC6-8DB6-4E67F631D8A8}.Debug|Any CPU.Build.0 = Debug|Any CPU
		{498574B9-30D6-4DC6-8DB6-4E67F631D8A8}.Release|Any CPU.ActiveCfg = Release|Any CPU
		{498574B9-30D6-4DC6-8DB6-4E67F631D8A8}.Release|Any CPU.Build.0 = Release|Any CPU
	EndGlobalSection
	GlobalSection(SolutionProperties) = preSolution
		HideSolutionNode = FALSE
	EndGlobalSection
	GlobalSection(ExtensibilityGlobals) = postSolution
		SolutionGuid = {C68FB727-C367-451D-B626-E2D6B91C79F1}
	EndGlobalSection
EndGlobal
